
Microsoft Visual Studio Solution File, Format Version 11.00
# Visual Studio 2010
Project("{FAE04EC0-301F-11D3-BF4B-00C04F79EFBC}") = "AquaAlert", "AquaAlert\AquaAlert.csproj", "{05BF76F8-DE3F-4507-B01B-6759E7808DC0}"
EndProject
Global
	GlobalSection(SolutionConfigurationPlatforms) = preSolution
		Debug|Any CPU = Debug|Any CPU
		Release|Any CPU = Release|Any CPU
	EndGlobalSection
	GlobalSection(ProjectConfigurationPlatforms) = postSolution
		{05BF76F8-DE3F-4507-B01B-6759E7808DC0}.Debug|Any CPU.ActiveCfg = Debug|Any CPU
		{05BF76F8-DE3F-4507-B01B-6759E7808DC0}.Debug|Any CPU.Build.0 = Debug|Any CPU
		{05BF76F8-DE3F-4507-B01B-6759E7808DC0}.Release|Any CPU.ActiveCfg = Release|Any CPU
		{05BF76F8-DE3F-4507-B01B-6759E7808DC0}.Release|Any CPU.Build.0 = Release|Any CPU
	EndGlobalSection
	GlobalSection(SolutionProperties) = preSolution
		HideSolutionNode = FALSE
	EndGlobalSection
EndGlobal
